// !$*UTF8*$!
{
	archiveVersion = 1;
	classes = {
	};
	objectVersion = 56;
	objects = {

/* Begin PBXBuildFile section */
		35B244102AEEF8E700F04453 /* _43_ChordableApp.swift in Sources */ = {isa = PBXBuildFile; fileRef = 35B2440F2AEEF8E700F04453 /* _43_ChordableApp.swift */; };
		35B244142AEEF8E800F04453 /* Assets.xcassets in Resources */ = {isa = PBXBuildFile; fileRef = 35B244132AEEF8E800F04453 /* Assets.xcassets */; };
		35B244172AEEF8E800F04453 /* Preview Assets.xcassets in Resources */ = {isa = PBXBuildFile; fileRef = 35B244162AEEF8E800F04453 /* Preview Assets.xcassets */; };
		35B244192AEEF8E800F04453 /* Persistence.swift in Sources */ = {isa = PBXBuildFile; fileRef = 35B244182AEEF8E800F04453 /* Persistence.swift */; };
		35B2441C2AEEF8E800F04453 /* _43_Chordable.xcdatamodeld in Sources */ = {isa = PBXBuildFile; fileRef = 35B2441A2AEEF8E800F04453 /* _43_Chordable.xcdatamodeld */; };
		35B244242AEF052E00F04453 /* ChordDataInitializer.swift in Sources */ = {isa = PBXBuildFile; fileRef = 35B244232AEF052E00F04453 /* ChordDataInitializer.swift */; };
		35B244262AEF065C00F04453 /* SongDataInitializer.swift in Sources */ = {isa = PBXBuildFile; fileRef = 35B244252AEF065C00F04453 /* SongDataInitializer.swift */; };
		35B2442D2AEF09F600F04453 /* HomeView.swift in Sources */ = {isa = PBXBuildFile; fileRef = 35B2442C2AEF09F600F04453 /* HomeView.swift */; };
		35B2442F2AEF0A0000F04453 /* ChordsView.swift in Sources */ = {isa = PBXBuildFile; fileRef = 35B2442E2AEF0A0000F04453 /* ChordsView.swift */; };
		35B244312AEF0A0900F04453 /* SongsView.swift in Sources */ = {isa = PBXBuildFile; fileRef = 35B244302AEF0A0900F04453 /* SongsView.swift */; };
		35B244352AEF0E3F00F04453 /* ChordsViewController.swift in Sources */ = {isa = PBXBuildFile; fileRef = 35B244342AEF0E3F00F04453 /* ChordsViewController.swift */; };
		35B244392AEF102400F04453 /* ChordDetailView.swift in Sources */ = {isa = PBXBuildFile; fileRef = 35B244382AEF102400F04453 /* ChordDetailView.swift */; };
		35B2443B2AEF168B00F04453 /* MainTabView.swift in Sources */ = {isa = PBXBuildFile; fileRef = 35B2443A2AEF168B00F04453 /* MainTabView.swift */; };
		35B2443D2AEF3FB800F04453 /* Chord.swift in Sources */ = {isa = PBXBuildFile; fileRef = 35B2443C2AEF3FB800F04453 /* Chord.swift */; };
		35B2443F2AEF401600F04453 /* Song.swift in Sources */ = {isa = PBXBuildFile; fileRef = 35B2443E2AEF401600F04453 /* Song.swift */; };
		35B244412AEF403400F04453 /* Quote.swift in Sources */ = {isa = PBXBuildFile; fileRef = 35B244402AEF403400F04453 /* Quote.swift */; };
		35B244432AEF404B00F04453 /* UserInfo.swift in Sources */ = {isa = PBXBuildFile; fileRef = 35B244422AEF404B00F04453 /* UserInfo.swift */; };
		35B244452AEF406300F04453 /* SongChordInstance.swift in Sources */ = {isa = PBXBuildFile; fileRef = 35B244442AEF406300F04453 /* SongChordInstance.swift */; };
		419C8DEB2AF1E44C00A91F2A /* .gitignore in Resources */ = {isa = PBXBuildFile; fileRef = 419C8DEA2AF1E44C00A91F2A /* .gitignore */; };
		41FB94352AF0B4A600409446 /* AudioStatus.swift in Sources */ = {isa = PBXBuildFile; fileRef = 41FB94342AF0B4A600409446 /* AudioStatus.swift */; };
		41FB94372AF0B58D00409446 /* ChordDetailViewController.swift in Sources */ = {isa = PBXBuildFile; fileRef = 41FB94362AF0B58D00409446 /* ChordDetailViewController.swift */; };
		41FB94392AF1636A00409446 /* sample-audio.wav in Resources */ = {isa = PBXBuildFile; fileRef = 41FB94382AF1636A00409446 /* sample-audio.wav */; };
/* End PBXBuildFile section */

/* Begin PBXFileReference section */
		35B2440C2AEEF8E700F04453 /* 443-Chordable.app */ = {isa = PBXFileReference; explicitFileType = wrapper.application; includeInIndex = 0; path = "443-Chordable.app"; sourceTree = BUILT_PRODUCTS_DIR; };
		35B2440F2AEEF8E700F04453 /* _43_ChordableApp.swift */ = {isa = PBXFileReference; lastKnownFileType = sourcecode.swift; path = _43_ChordableApp.swift; sourceTree = "<group>"; };
		35B244132AEEF8E800F04453 /* Assets.xcassets */ = {isa = PBXFileReference; lastKnownFileType = folder.assetcatalog; path = Assets.xcassets; sourceTree = "<group>"; };
		35B244162AEEF8E800F04453 /* Preview Assets.xcassets */ = {isa = PBXFileReference; lastKnownFileType = folder.assetcatalog; path = "Preview Assets.xcassets"; sourceTree = "<group>"; };
		35B244182AEEF8E800F04453 /* Persistence.swift */ = {isa = PBXFileReference; lastKnownFileType = sourcecode.swift; path = Persistence.swift; sourceTree = "<group>"; };
		35B2441B2AEEF8E800F04453 /* _43_Chordable.xcdatamodel */ = {isa = PBXFileReference; lastKnownFileType = wrapper.xcdatamodel; path = _43_Chordable.xcdatamodel; sourceTree = "<group>"; };
		35B244232AEF052E00F04453 /* ChordDataInitializer.swift */ = {isa = PBXFileReference; lastKnownFileType = sourcecode.swift; path = ChordDataInitializer.swift; sourceTree = "<group>"; };
		35B244252AEF065C00F04453 /* SongDataInitializer.swift */ = {isa = PBXFileReference; lastKnownFileType = sourcecode.swift; path = SongDataInitializer.swift; sourceTree = "<group>"; };
		35B2442C2AEF09F600F04453 /* HomeView.swift */ = {isa = PBXFileReference; lastKnownFileType = sourcecode.swift; path = HomeView.swift; sourceTree = "<group>"; };
		35B2442E2AEF0A0000F04453 /* ChordsView.swift */ = {isa = PBXFileReference; lastKnownFileType = sourcecode.swift; path = ChordsView.swift; sourceTree = "<group>"; };
		35B244302AEF0A0900F04453 /* SongsView.swift */ = {isa = PBXFileReference; lastKnownFileType = sourcecode.swift; path = SongsView.swift; sourceTree = "<group>"; };
		35B244342AEF0E3F00F04453 /* ChordsViewController.swift */ = {isa = PBXFileReference; lastKnownFileType = sourcecode.swift; path = ChordsViewController.swift; sourceTree = "<group>"; };
		35B244382AEF102400F04453 /* ChordDetailView.swift */ = {isa = PBXFileReference; lastKnownFileType = sourcecode.swift; path = ChordDetailView.swift; sourceTree = "<group>"; };
		35B2443A2AEF168B00F04453 /* MainTabView.swift */ = {isa = PBXFileReference; lastKnownFileType = sourcecode.swift; path = MainTabView.swift; sourceTree = "<group>"; };
		35B2443C2AEF3FB800F04453 /* Chord.swift */ = {isa = PBXFileReference; lastKnownFileType = sourcecode.swift; path = Chord.swift; sourceTree = "<group>"; };
		35B2443E2AEF401600F04453 /* Song.swift */ = {isa = PBXFileReference; lastKnownFileType = sourcecode.swift; path = Song.swift; sourceTree = "<group>"; };
		35B244402AEF403400F04453 /* Quote.swift */ = {isa = PBXFileReference; lastKnownFileType = sourcecode.swift; path = Quote.swift; sourceTree = "<group>"; };
		35B244422AEF404B00F04453 /* UserInfo.swift */ = {isa = PBXFileReference; lastKnownFileType = sourcecode.swift; path = UserInfo.swift; sourceTree = "<group>"; };
		35B244442AEF406300F04453 /* SongChordInstance.swift */ = {isa = PBXFileReference; lastKnownFileType = sourcecode.swift; path = SongChordInstance.swift; sourceTree = "<group>"; };
		419C8DEA2AF1E44C00A91F2A /* .gitignore */ = {isa = PBXFileReference; lastKnownFileType = text; path = .gitignore; sourceTree = "<group>"; };
		41FB94342AF0B4A600409446 /* AudioStatus.swift */ = {isa = PBXFileReference; lastKnownFileType = sourcecode.swift; path = AudioStatus.swift; sourceTree = "<group>"; };
		41FB94362AF0B58D00409446 /* ChordDetailViewController.swift */ = {isa = PBXFileReference; lastKnownFileType = sourcecode.swift; path = ChordDetailViewController.swift; sourceTree = "<group>"; };
		41FB94382AF1636A00409446 /* sample-audio.wav */ = {isa = PBXFileReference; lastKnownFileType = audio.wav; name = "sample-audio.wav"; path = "../../../../../../Downloads/sample-audio.wav"; sourceTree = "<group>"; };
/* End PBXFileReference section */

/* Begin PBXFrameworksBuildPhase section */
		35B244092AEEF8E600F04453 /* Frameworks */ = {
			isa = PBXFrameworksBuildPhase;
			buildActionMask = 2147483647;
			files = (
			);
			runOnlyForDeploymentPostprocessing = 0;
		};
/* End PBXFrameworksBuildPhase section */

/* Begin PBXGroup section */
		35B244032AEEF8E600F04453 = {
			isa = PBXGroup;
			children = (
				419C8DEA2AF1E44C00A91F2A /* .gitignore */,
				35B2440E2AEEF8E700F04453 /* 443-Chordable */,
				35B2440D2AEEF8E700F04453 /* Products */,
			);
			sourceTree = "<group>";
		};
		35B2440D2AEEF8E700F04453 /* Products */ = {
			isa = PBXGroup;
			children = (
				35B2440C2AEEF8E700F04453 /* 443-Chordable.app */,
			);
			name = Products;
			sourceTree = "<group>";
		};
		35B2440E2AEEF8E700F04453 /* 443-Chordable */ = {
			isa = PBXGroup;
			children = (
				35B244332AEF0E1300F04453 /* Models */,
				35B244322AEF0E0B00F04453 /* Controllers */,
				35B2442A2AEF09DC00F04453 /* Views */,
				35B244272AEF099B00F04453 /* Services */,
				35B2440F2AEEF8E700F04453 /* _43_ChordableApp.swift */,
				35B244132AEEF8E800F04453 /* Assets.xcassets */,
				35B2441A2AEEF8E800F04453 /* _43_Chordable.xcdatamodeld */,
				35B244152AEEF8E800F04453 /* Preview Content */,
			);
			path = "443-Chordable";
			sourceTree = "<group>";
		};
		35B244152AEEF8E800F04453 /* Preview Content */ = {
			isa = PBXGroup;
			children = (
				35B244162AEEF8E800F04453 /* Preview Assets.xcassets */,
			);
			path = "Preview Content";
			sourceTree = "<group>";
		};
		35B244222AEF04F300F04453 /* DataInitializers */ = {
			isa = PBXGroup;
			children = (
				35B244232AEF052E00F04453 /* ChordDataInitializer.swift */,
				35B244252AEF065C00F04453 /* SongDataInitializer.swift */,
			);
			path = DataInitializers;
			sourceTree = "<group>";
		};
		35B244272AEF099B00F04453 /* Services */ = {
			isa = PBXGroup;
			children = (
				35B244282AEF09A300F04453 /* CoreData */,
			);
			path = Services;
			sourceTree = "<group>";
		};
		35B244282AEF09A300F04453 /* CoreData */ = {
			isa = PBXGroup;
			children = (
				35B244222AEF04F300F04453 /* DataInitializers */,
				35B244182AEEF8E800F04453 /* Persistence.swift */,
			);
			path = CoreData;
			sourceTree = "<group>";
		};
		35B2442A2AEF09DC00F04453 /* Views */ = {
			isa = PBXGroup;
			children = (
				35B244372AEF101300F04453 /* ChordDetail */,
				35B2442B2AEF09E900F04453 /* Tabs */,
			);
			path = Views;
			sourceTree = "<group>";
		};
		35B2442B2AEF09E900F04453 /* Tabs */ = {
			isa = PBXGroup;
			children = (
				35B2442C2AEF09F600F04453 /* HomeView.swift */,
				35B2442E2AEF0A0000F04453 /* ChordsView.swift */,
				35B244302AEF0A0900F04453 /* SongsView.swift */,
				35B2443A2AEF168B00F04453 /* MainTabView.swift */,
			);
			path = Tabs;
			sourceTree = "<group>";
		};
		35B244322AEF0E0B00F04453 /* Controllers */ = {
			isa = PBXGroup;
			children = (
				35B244342AEF0E3F00F04453 /* ChordsViewController.swift */,
				41FB94362AF0B58D00409446 /* ChordDetailViewController.swift */,
				41FB94382AF1636A00409446 /* sample-audio.wav */,
			);
			path = Controllers;
			sourceTree = "<group>";
		};
		35B244332AEF0E1300F04453 /* Models */ = {
			isa = PBXGroup;
			children = (
				35B2443C2AEF3FB800F04453 /* Chord.swift */,
				35B2443E2AEF401600F04453 /* Song.swift */,
				35B244402AEF403400F04453 /* Quote.swift */,
				35B244422AEF404B00F04453 /* UserInfo.swift */,
				35B244442AEF406300F04453 /* SongChordInstance.swift */,
				41FB94342AF0B4A600409446 /* AudioStatus.swift */,
			);
			path = Models;
			sourceTree = "<group>";
		};
		35B244372AEF101300F04453 /* ChordDetail */ = {
			isa = PBXGroup;
			children = (
				35B244382AEF102400F04453 /* ChordDetailView.swift */,
			);
			path = ChordDetail;
			sourceTree = "<group>";
		};
/* End PBXGroup section */

/* Begin PBXNativeTarget section */
		35B2440B2AEEF8E600F04453 /* 443-Chordable */ = {
			isa = PBXNativeTarget;
			buildConfigurationList = 35B2441F2AEEF8E800F04453 /* Build configuration list for PBXNativeTarget "443-Chordable" */;
			buildPhases = (
				35B244082AEEF8E600F04453 /* Sources */,
				35B244092AEEF8E600F04453 /* Frameworks */,
				35B2440A2AEEF8E600F04453 /* Resources */,
			);
			buildRules = (
			);
			dependencies = (
			);
			name = "443-Chordable";
			productName = "443-Chordable";
			productReference = 35B2440C2AEEF8E700F04453 /* 443-Chordable.app */;
			productType = "com.apple.product-type.application";
		};
/* End PBXNativeTarget section */

/* Begin PBXProject section */
		35B244042AEEF8E600F04453 /* Project object */ = {
			isa = PBXProject;
			attributes = {
				BuildIndependentTargetsInParallel = 1;
				LastSwiftUpdateCheck = 1430;
				LastUpgradeCheck = 1430;
				TargetAttributes = {
					35B2440B2AEEF8E600F04453 = {
						CreatedOnToolsVersion = 14.3.1;
					};
				};
			};
			buildConfigurationList = 35B244072AEEF8E600F04453 /* Build configuration list for PBXProject "443-Chordable" */;
			compatibilityVersion = "Xcode 14.0";
			developmentRegion = en;
			hasScannedForEncodings = 0;
			knownRegions = (
				en,
				Base,
			);
			mainGroup = 35B244032AEEF8E600F04453;
			productRefGroup = 35B2440D2AEEF8E700F04453 /* Products */;
			projectDirPath = "";
			projectRoot = "";
			targets = (
				35B2440B2AEEF8E600F04453 /* 443-Chordable */,
			);
		};
/* End PBXProject section */

/* Begin PBXResourcesBuildPhase section */
		35B2440A2AEEF8E600F04453 /* Resources */ = {
			isa = PBXResourcesBuildPhase;
			buildActionMask = 2147483647;
			files = (
				419C8DEB2AF1E44C00A91F2A /* .gitignore in Resources */,
				35B244172AEEF8E800F04453 /* Preview Assets.xcassets in Resources */,
				41FB94392AF1636A00409446 /* sample-audio.wav in Resources */,
				35B244142AEEF8E800F04453 /* Assets.xcassets in Resources */,
			);
			runOnlyForDeploymentPostprocessing = 0;
		};
/* End PBXResourcesBuildPhase section */

/* Begin PBXSourcesBuildPhase section */
		35B244082AEEF8E600F04453 /* Sources */ = {
			isa = PBXSourcesBuildPhase;
			buildActionMask = 2147483647;
			files = (
				35B2443F2AEF401600F04453 /* Song.swift in Sources */,
				35B244242AEF052E00F04453 /* ChordDataInitializer.swift in Sources */,
				41FB94352AF0B4A600409446 /* AudioStatus.swift in Sources */,
				35B2442F2AEF0A0000F04453 /* ChordsView.swift in Sources */,
				35B2442D2AEF09F600F04453 /* HomeView.swift in Sources */,
				35B244432AEF404B00F04453 /* UserInfo.swift in Sources */,
				35B244352AEF0E3F00F04453 /* ChordsViewController.swift in Sources */,
				35B244452AEF406300F04453 /* SongChordInstance.swift in Sources */,
				35B244262AEF065C00F04453 /* SongDataInitializer.swift in Sources */,
				35B244312AEF0A0900F04453 /* SongsView.swift in Sources */,
				35B244192AEEF8E800F04453 /* Persistence.swift in Sources */,
				35B244392AEF102400F04453 /* ChordDetailView.swift in Sources */,
				41FB94372AF0B58D00409446 /* ChordDetailViewController.swift in Sources */,
				35B244102AEEF8E700F04453 /* _43_ChordableApp.swift in Sources */,
				35B2443B2AEF168B00F04453 /* MainTabView.swift in Sources */,
				35B2441C2AEEF8E800F04453 /* _43_Chordable.xcdatamodeld in Sources */,
				35B244412AEF403400F04453 /* Quote.swift in Sources */,
				35B2443D2AEF3FB800F04453 /* Chord.swift in Sources */,
			);
			runOnlyForDeploymentPostprocessing = 0;
		};
/* End PBXSourcesBuildPhase section */

/* Begin XCBuildConfiguration section */
		35B2441D2AEEF8E800F04453 /* Debug */ = {
			isa = XCBuildConfiguration;
			buildSettings = {
				ALWAYS_SEARCH_USER_PATHS = NO;
				CLANG_ANALYZER_NONNULL = YES;
				CLANG_ANALYZER_NUMBER_OBJECT_CONVERSION = YES_AGGRESSIVE;
				CLANG_CXX_LANGUAGE_STANDARD = "gnu++20";
				CLANG_ENABLE_MODULES = YES;
				CLANG_ENABLE_OBJC_ARC = YES;
				CLANG_ENABLE_OBJC_WEAK = YES;
				CLANG_WARN_BLOCK_CAPTURE_AUTORELEASING = YES;
				CLANG_WARN_BOOL_CONVERSION = YES;
				CLANG_WARN_COMMA = YES;
				CLANG_WARN_CONSTANT_CONVERSION = YES;
				CLANG_WARN_DEPRECATED_OBJC_IMPLEMENTATIONS = YES;
				CLANG_WARN_DIRECT_OBJC_ISA_USAGE = YES_ERROR;
				CLANG_WARN_DOCUMENTATION_COMMENTS = YES;
				CLANG_WARN_EMPTY_BODY = YES;
				CLANG_WARN_ENUM_CONVERSION = YES;
				CLANG_WARN_INFINITE_RECURSION = YES;
				CLANG_WARN_INT_CONVERSION = YES;
				CLANG_WARN_NON_LITERAL_NULL_CONVERSION = YES;
				CLANG_WARN_OBJC_IMPLICIT_RETAIN_SELF = YES;
				CLANG_WARN_OBJC_LITERAL_CONVERSION = YES;
				CLANG_WARN_OBJC_ROOT_CLASS = YES_ERROR;
				CLANG_WARN_QUOTED_INCLUDE_IN_FRAMEWORK_HEADER = YES;
				CLANG_WARN_RANGE_LOOP_ANALYSIS = YES;
				CLANG_WARN_STRICT_PROTOTYPES = YES;
				CLANG_WARN_SUSPICIOUS_MOVE = YES;
				CLANG_WARN_UNGUARDED_AVAILABILITY = YES_AGGRESSIVE;
				CLANG_WARN_UNREACHABLE_CODE = YES;
				CLANG_WARN__DUPLICATE_METHOD_MATCH = YES;
				COPY_PHASE_STRIP = NO;
				DEBUG_INFORMATION_FORMAT = dwarf;
				ENABLE_STRICT_OBJC_MSGSEND = YES;
				ENABLE_TESTABILITY = YES;
				GCC_C_LANGUAGE_STANDARD = gnu11;
				GCC_DYNAMIC_NO_PIC = NO;
				GCC_NO_COMMON_BLOCKS = YES;
				GCC_OPTIMIZATION_LEVEL = 0;
				GCC_PREPROCESSOR_DEFINITIONS = (
					"DEBUG=1",
					"$(inherited)",
				);
				GCC_WARN_64_TO_32_BIT_CONVERSION = YES;
				GCC_WARN_ABOUT_RETURN_TYPE = YES_ERROR;
				GCC_WARN_UNDECLARED_SELECTOR = YES;
				GCC_WARN_UNINITIALIZED_AUTOS = YES_AGGRESSIVE;
				GCC_WARN_UNUSED_FUNCTION = YES;
				GCC_WARN_UNUSED_VARIABLE = YES;
				IPHONEOS_DEPLOYMENT_TARGET = 16.4;
				MTL_ENABLE_DEBUG_INFO = INCLUDE_SOURCE;
				MTL_FAST_MATH = YES;
				ONLY_ACTIVE_ARCH = YES;
				SDKROOT = iphoneos;
				SWIFT_ACTIVE_COMPILATION_CONDITIONS = DEBUG;
				SWIFT_OPTIMIZATION_LEVEL = "-Onone";
			};
			name = Debug;
		};
		35B2441E2AEEF8E800F04453 /* Release */ = {
			isa = XCBuildConfiguration;
			buildSettings = {
				ALWAYS_SEARCH_USER_PATHS = NO;
				CLANG_ANALYZER_NONNULL = YES;
				CLANG_ANALYZER_NUMBER_OBJECT_CONVERSION = YES_AGGRESSIVE;
				CLANG_CXX_LANGUAGE_STANDARD = "gnu++20";
				CLANG_ENABLE_MODULES = YES;
				CLANG_ENABLE_OBJC_ARC = YES;
				CLANG_ENABLE_OBJC_WEAK = YES;
				CLANG_WARN_BLOCK_CAPTURE_AUTORELEASING = YES;
				CLANG_WARN_BOOL_CONVERSION = YES;
				CLANG_WARN_COMMA = YES;
				CLANG_WARN_CONSTANT_CONVERSION = YES;
				CLANG_WARN_DEPRECATED_OBJC_IMPLEMENTATIONS = YES;
				CLANG_WARN_DIRECT_OBJC_ISA_USAGE = YES_ERROR;
				CLANG_WARN_DOCUMENTATION_COMMENTS = YES;
				CLANG_WARN_EMPTY_BODY = YES;
				CLANG_WARN_ENUM_CONVERSION = YES;
				CLANG_WARN_INFINITE_RECURSION = YES;
				CLANG_WARN_INT_CONVERSION = YES;
				CLANG_WARN_NON_LITERAL_NULL_CONVERSION = YES;
				CLANG_WARN_OBJC_IMPLICIT_RETAIN_SELF = YES;
				CLANG_WARN_OBJC_LITERAL_CONVERSION = YES;
				CLANG_WARN_OBJC_ROOT_CLASS = YES_ERROR;
				CLANG_WARN_QUOTED_INCLUDE_IN_FRAMEWORK_HEADER = YES;
				CLANG_WARN_RANGE_LOOP_ANALYSIS = YES;
				CLANG_WARN_STRICT_PROTOTYPES = YES;
				CLANG_WARN_SUSPICIOUS_MOVE = YES;
				CLANG_WARN_UNGUARDED_AVAILABILITY = YES_AGGRESSIVE;
				CLANG_WARN_UNREACHABLE_CODE = YES;
				CLANG_WARN__DUPLICATE_METHOD_MATCH = YES;
				COPY_PHASE_STRIP = NO;
				DEBUG_INFORMATION_FORMAT = "dwarf-with-dsym";
				ENABLE_NS_ASSERTIONS = NO;
				ENABLE_STRICT_OBJC_MSGSEND = YES;
				GCC_C_LANGUAGE_STANDARD = gnu11;
				GCC_NO_COMMON_BLOCKS = YES;
				GCC_WARN_64_TO_32_BIT_CONVERSION = YES;
				GCC_WARN_ABOUT_RETURN_TYPE = YES_ERROR;
				GCC_WARN_UNDECLARED_SELECTOR = YES;
				GCC_WARN_UNINITIALIZED_AUTOS = YES_AGGRESSIVE;
				GCC_WARN_UNUSED_FUNCTION = YES;
				GCC_WARN_UNUSED_VARIABLE = YES;
				IPHONEOS_DEPLOYMENT_TARGET = 16.4;
				MTL_ENABLE_DEBUG_INFO = NO;
				MTL_FAST_MATH = YES;
				SDKROOT = iphoneos;
				SWIFT_COMPILATION_MODE = wholemodule;
				SWIFT_OPTIMIZATION_LEVEL = "-O";
				VALIDATE_PRODUCT = YES;
			};
			name = Release;
		};
		35B244202AEEF8E800F04453 /* Debug */ = {
			isa = XCBuildConfiguration;
			buildSettings = {
				ASSETCATALOG_COMPILER_APPICON_NAME = AppIcon;
				ASSETCATALOG_COMPILER_GLOBAL_ACCENT_COLOR_NAME = AccentColor;
				CODE_SIGN_STYLE = Automatic;
				CURRENT_PROJECT_VERSION = 1;
				DEVELOPMENT_ASSET_PATHS = "\"443-Chordable/Preview Content\"";
				ENABLE_PREVIEWS = YES;
				GENERATE_INFOPLIST_FILE = YES;
				INFOPLIST_KEY_NSMicrophoneUsageDescription = "Allow microphone access:";
				INFOPLIST_KEY_UIApplicationSceneManifest_Generation = YES;
				INFOPLIST_KEY_UIApplicationSupportsIndirectInputEvents = YES;
				INFOPLIST_KEY_UILaunchScreen_Generation = YES;
				INFOPLIST_KEY_UISupportedInterfaceOrientations_iPad = "UIInterfaceOrientationPortrait UIInterfaceOrientationPortraitUpsideDown UIInterfaceOrientationLandscapeLeft UIInterfaceOrientationLandscapeRight";
				INFOPLIST_KEY_UISupportedInterfaceOrientations_iPhone = "UIInterfaceOrientationPortrait UIInterfaceOrientationLandscapeLeft UIInterfaceOrientationLandscapeRight";
				LD_RUNPATH_SEARCH_PATHS = (
					"$(inherited)",
					"@executable_path/Frameworks",
				);
				MARKETING_VERSION = 1.0;
				PRODUCT_BUNDLE_IDENTIFIER = "-43-project.-43-Chordable";
				PRODUCT_NAME = "$(TARGET_NAME)";
				SWIFT_EMIT_LOC_STRINGS = YES;
				SWIFT_VERSION = 5.0;
				TARGETED_DEVICE_FAMILY = "1,2";
			};
			name = Debug;
		};
		35B244212AEEF8E800F04453 /* Release */ = {
			isa = XCBuildConfiguration;
			buildSettings = {
				ASSETCATALOG_COMPILER_APPICON_NAME = AppIcon;
				ASSETCATALOG_COMPILER_GLOBAL_ACCENT_COLOR_NAME = AccentColor;
				CODE_SIGN_STYLE = Automatic;
				CURRENT_PROJECT_VERSION = 1;
				DEVELOPMENT_ASSET_PATHS = "\"443-Chordable/Preview Content\"";
				ENABLE_PREVIEWS = YES;
				GENERATE_INFOPLIST_FILE = YES;
				INFOPLIST_KEY_NSMicrophoneUsageDescription = "Allow microphone access:";
				INFOPLIST_KEY_UIApplicationSceneManifest_Generation = YES;
				INFOPLIST_KEY_UIApplicationSupportsIndirectInputEvents = YES;
				INFOPLIST_KEY_UILaunchScreen_Generation = YES;
				INFOPLIST_KEY_UISupportedInterfaceOrientations_iPad = "UIInterfaceOrientationPortrait UIInterfaceOrientationPortraitUpsideDown UIInterfaceOrientationLandscapeLeft UIInterfaceOrientationLandscapeRight";
				INFOPLIST_KEY_UISupportedInterfaceOrientations_iPhone = "UIInterfaceOrientationPortrait UIInterfaceOrientationLandscapeLeft UIInterfaceOrientationLandscapeRight";
				LD_RUNPATH_SEARCH_PATHS = (
					"$(inherited)",
					"@executable_path/Frameworks",
				);
				MARKETING_VERSION = 1.0;
				PRODUCT_BUNDLE_IDENTIFIER = "-43-project.-43-Chordable";
				PRODUCT_NAME = "$(TARGET_NAME)";
				SWIFT_EMIT_LOC_STRINGS = YES;
				SWIFT_VERSION = 5.0;
				TARGETED_DEVICE_FAMILY = "1,2";
			};
			name = Release;
		};
/* End XCBuildConfiguration section */

/* Begin XCConfigurationList section */
		35B244072AEEF8E600F04453 /* Build configuration list for PBXProject "443-Chordable" */ = {
			isa = XCConfigurationList;
			buildConfigurations = (
				35B2441D2AEEF8E800F04453 /* Debug */,
				35B2441E2AEEF8E800F04453 /* Release */,
			);
			defaultConfigurationIsVisible = 0;
			defaultConfigurationName = Release;
		};
		35B2441F2AEEF8E800F04453 /* Build configuration list for PBXNativeTarget "443-Chordable" */ = {
			isa = XCConfigurationList;
			buildConfigurations = (
				35B244202AEEF8E800F04453 /* Debug */,
				35B244212AEEF8E800F04453 /* Release */,
			);
			defaultConfigurationIsVisible = 0;
			defaultConfigurationName = Release;
		};
/* End XCConfigurationList section */

/* Begin XCVersionGroup section */
		35B2441A2AEEF8E800F04453 /* _43_Chordable.xcdatamodeld */ = {
			isa = XCVersionGroup;
			children = (
				35B2441B2AEEF8E800F04453 /* _43_Chordable.xcdatamodel */,
			);
			currentVersion = 35B2441B2AEEF8E800F04453 /* _43_Chordable.xcdatamodel */;
			path = _43_Chordable.xcdatamodeld;
			sourceTree = "<group>";
			versionGroupType = wrapper.xcdatamodel;
		};
/* End XCVersionGroup section */
	};
	rootObject = 35B244042AEEF8E600F04453 /* Project object */;
}
